
Microsoft Visual Studio Solution File, Format Version 12.00
# Visual Studio 2017
Project("{FAE04EC0-301F-11D3-BF4B-00C04F79EFBC}") = "FlappyB_officialUnityTut", "FlappyB_officialUnityTut.csproj", "{C50F0F8D-894B-254B-7894-27B5DF39BB79}"
EndProject
Global
	GlobalSection(SolutionConfigurationPlatforms) = preSolution
		Debug|Any CPU = Debug|Any CPU
		Release|Any CPU = Release|Any CPU
	EndGlobalSection
	GlobalSection(ProjectConfigurationPlatforms) = postSolution
		{C50F0F8D-894B-254B-7894-27B5DF39BB79}.Debug|Any CPU.ActiveCfg = Debug|Any CPU
		{C50F0F8D-894B-254B-7894-27B5DF39BB79}.Debug|Any CPU.Build.0 = Debug|Any CPU
		{C50F0F8D-894B-254B-7894-27B5DF39BB79}.Release|Any CPU.ActiveCfg = Release|Any CPU
		{C50F0F8D-894B-254B-7894-27B5DF39BB79}.Release|Any CPU.Build.0 = Release|Any CPU
	EndGlobalSection
	GlobalSection(SolutionProperties) = preSolution
		HideSolutionNode = FALSE
	EndGlobalSection
EndGlobal
